
Microsoft Visual Studio Solution File, Format Version 12.00
# Visual Studio 14
VisualStudioVersion = 14.0.25420.1
MinimumVisualStudioVersion = 10.0.40219.1
Project("{FAE04EC0-301F-11D3-BF4B-00C04F79EFBC}") = "CIS", "CIS\CIS.csproj", "{8F14612B-FF63-483C-96EE-E4C8861A39EF}"
	ProjectSection(ProjectDependencies) = postProject
		{A479250A-C473-447F-8A9D-D52B31F4918C} = {A479250A-C473-447F-8A9D-D52B31F4918C}
		{2C59558A-728B-448E-B619-A1EF1752246B} = {2C59558A-728B-448E-B619-A1EF1752246B}
		{679DAAD6-D534-44D9-9790-E46FAC55005A} = {679DAAD6-D534-44D9-9790-E46FAC55005A}
		{958522EA-20D5-4851-A1CF-571DE5901BF5} = {958522EA-20D5-4851-A1CF-571DE5901BF5}
		{366088EA-EDA5-46C0-9C70-82582527EA93} = {366088EA-EDA5-46C0-9C70-82582527EA93}
		{CE52D0F9-5C5D-400D-A7B5-4B93914D05EA} = {CE52D0F9-5C5D-400D-A7B5-4B93914D05EA}
	EndProjectSection
EndProject
Project("{FAE04EC0-301F-11D3-BF4B-00C04F79EFBC}") = "CIS.Core", "CIS.Core\CIS.Core.csproj", "{E78AEEA2-962D-4D27-AD53-BE29C3644007}"
EndProject
Project("{FAE04EC0-301F-11D3-BF4B-00C04F79EFBC}") = "CIS.Model", "CIS.Model\CIS.Model.csproj", "{27B3CCFE-B0CB-4512-9BDF-A1E05CC2EEF4}"
EndProject
Project("{FAE04EC0-301F-11D3-BF4B-00C04F79EFBC}") = "App_Sys", "App_Sys\App_Sys.csproj", "{2C59558A-728B-448E-B619-A1EF1752246B}"
	ProjectSection(ProjectDependencies) = postProject
		{6AF12C66-25A4-4024-8E19-C19ABEF87FDB} = {6AF12C66-25A4-4024-8E19-C19ABEF87FDB}
	EndProjectSection
EndProject
Project("{FAE04EC0-301F-11D3-BF4B-00C04F79EFBC}") = "CIS.Purview", "CIS.Purview\CIS.Purview.csproj", "{6AF12C66-25A4-4024-8E19-C19ABEF87FDB}"
EndProject
Project("{FAE04EC0-301F-11D3-BF4B-00C04F79EFBC}") = "CIS.Utility", "CIS.Utility\CIS.Utility.csproj", "{679DAAD6-D534-44D9-9790-E46FAC55005A}"
EndProject
Project("{FAE04EC0-301F-11D3-BF4B-00C04F79EFBC}") = "CIS.ControlLib", "CIS.ControlLib\CIS.ControlLib.csproj", "{958522EA-20D5-4851-A1CF-571DE5901BF5}"
EndProject
Project("{FAE04EC0-301F-11D3-BF4B-00C04F79EFBC}") = "App_OP", "App_OP\App_OP.csproj", "{366088EA-EDA5-46C0-9C70-82582527EA93}"
EndProject
Project("{2150E333-8FDC-42A3-9474-1A3956D46DE8}") = "系统工具", "系统工具", "{2DDD74B1-12CB-4DE0-8654-5350A4A23BDE}"
EndProject
Project("{2150E333-8FDC-42A3-9474-1A3956D46DE8}") = "应用层", "应用层", "{30F30BF3-DED9-49C1-93F4-DBC96C39EE4C}"
EndProject
Project("{FAE04EC0-301F-11D3-BF4B-00C04F79EFBC}") = "CIS.DCWriter", "CIS.DCWriterExtensions\CIS.DCWriter.csproj", "{685046B0-CE5B-4E6D-B29C-7A9A24934742}"
EndProject
Project("{FAE04EC0-301F-11D3-BF4B-00C04F79EFBC}") = "App_Template", "App_Template\App_Template.csproj", "{A479250A-C473-447F-8A9D-D52B31F4918C}"
EndProject
Project("{FAE04EC0-301F-11D3-BF4B-00C04F79EFBC}") = "CIS.DAL", "CIS.DAL\CIS.DAL.csproj", "{CE52D0F9-5C5D-400D-A7B5-4B93914D05EA}"
EndProject
Global
	GlobalSection(SolutionConfigurationPlatforms) = preSolution
		Debug|Any CPU = Debug|Any CPU
		Debug|x86 = Debug|x86
		Release|Any CPU = Release|Any CPU
		Release|x86 = Release|x86
	EndGlobalSection
	GlobalSection(ProjectConfigurationPlatforms) = postSolution
		{8F14612B-FF63-483C-96EE-E4C8861A39EF}.Debug|Any CPU.ActiveCfg = Debug|x86
		{8F14612B-FF63-483C-96EE-E4C8861A39EF}.Debug|Any CPU.Build.0 = Debug|x86
		{8F14612B-FF63-483C-96EE-E4C8861A39EF}.Debug|x86.ActiveCfg = Debug|x86
		{8F14612B-FF63-483C-96EE-E4C8861A39EF}.Debug|x86.Build.0 = Debug|x86
		{8F14612B-FF63-483C-96EE-E4C8861A39EF}.Release|Any CPU.ActiveCfg = Debug|x86
		{8F14612B-FF63-483C-96EE-E4C8861A39EF}.Release|Any CPU.Build.0 = Debug|x86
		{8F14612B-FF63-483C-96EE-E4C8861A39EF}.Release|x86.ActiveCfg = Release|x86
		{8F14612B-FF63-483C-96EE-E4C8861A39EF}.Release|x86.Build.0 = Release|x86
		{E78AEEA2-962D-4D27-AD53-BE29C3644007}.Debug|Any CPU.ActiveCfg = Debug|x86
		{E78AEEA2-962D-4D27-AD53-BE29C3644007}.Debug|Any CPU.Build.0 = Debug|x86
		{E78AEEA2-962D-4D27-AD53-BE29C3644007}.Debug|x86.ActiveCfg = Debug|x86
		{E78AEEA2-962D-4D27-AD53-BE29C3644007}.Debug|x86.Build.0 = Debug|x86
		{E78AEEA2-962D-4D27-AD53-BE29C3644007}.Release|Any CPU.ActiveCfg = Debug|x86
		{E78AEEA2-962D-4D27-AD53-BE29C3644007}.Release|Any CPU.Build.0 = Debug|x86
		{E78AEEA2-962D-4D27-AD53-BE29C3644007}.Release|x86.ActiveCfg = Release|x86
		{E78AEEA2-962D-4D27-AD53-BE29C3644007}.Release|x86.Build.0 = Release|x86
		{27B3CCFE-B0CB-4512-9BDF-A1E05CC2EEF4}.Debug|Any CPU.ActiveCfg = Debug|x86
		{27B3CCFE-B0CB-4512-9BDF-A1E05CC2EEF4}.Debug|Any CPU.Build.0 = Debug|x86
		{27B3CCFE-B0CB-4512-9BDF-A1E05CC2EEF4}.Debug|x86.ActiveCfg = Debug|x86
		{27B3CCFE-B0CB-4512-9BDF-A1E05CC2EEF4}.Debug|x86.Build.0 = Debug|x86
		{27B3CCFE-B0CB-4512-9BDF-A1E05CC2EEF4}.Release|Any CPU.ActiveCfg = Debug|x86
		{27B3CCFE-B0CB-4512-9BDF-A1E05CC2EEF4}.Release|Any CPU.Build.0 = Debug|x86
		{27B3CCFE-B0CB-4512-9BDF-A1E05CC2EEF4}.Release|x86.ActiveCfg = Release|x86
		{27B3CCFE-B0CB-4512-9BDF-A1E05CC2EEF4}.Release|x86.Build.0 = Release|x86
		{2C59558A-728B-448E-B619-A1EF1752246B}.Debug|Any CPU.ActiveCfg = Debug|x86
		{2C59558A-728B-448E-B619-A1EF1752246B}.Debug|Any CPU.Build.0 = Debug|x86
		{2C59558A-728B-448E-B619-A1EF1752246B}.Debug|x86.ActiveCfg = Debug|x86
		{2C59558A-728B-448E-B619-A1EF1752246B}.Debug|x86.Build.0 = Debug|x86
		{2C59558A-728B-448E-B619-A1EF1752246B}.Release|Any CPU.ActiveCfg = Debug|x86
		{2C59558A-728B-448E-B619-A1EF1752246B}.Release|Any CPU.Build.0 = Debug|x86
		{2C59558A-728B-448E-B619-A1EF1752246B}.Release|x86.ActiveCfg = Release|x86
		{2C59558A-728B-448E-B619-A1EF1752246B}.Release|x86.Build.0 = Release|x86
		{6AF12C66-25A4-4024-8E19-C19ABEF87FDB}.Debug|Any CPU.ActiveCfg = Debug|x86
		{6AF12C66-25A4-4024-8E19-C19ABEF87FDB}.Debug|Any CPU.Build.0 = Debug|x86
		{6AF12C66-25A4-4024-8E19-C19ABEF87FDB}.Debug|x86.ActiveCfg = Debug|x86
		{6AF12C66-25A4-4024-8E19-C19ABEF87FDB}.Debug|x86.Build.0 = Debug|x86
		{6AF12C66-25A4-4024-8E19-C19ABEF87FDB}.Release|Any CPU.ActiveCfg = Debug|x86
		{6AF12C66-25A4-4024-8E19-C19ABEF87FDB}.Release|Any CPU.Build.0 = Debug|x86
		{6AF12C66-25A4-4024-8E19-C19ABEF87FDB}.Release|x86.ActiveCfg = Release|x86
		{6AF12C66-25A4-4024-8E19-C19ABEF87FDB}.Release|x86.Build.0 = Release|x86
		{679DAAD6-D534-44D9-9790-E46FAC55005A}.Debug|Any CPU.ActiveCfg = Debug|x86
		{679DAAD6-D534-44D9-9790-E46FAC55005A}.Debug|Any CPU.Build.0 = Debug|x86
		{679DAAD6-D534-44D9-9790-E46FAC55005A}.Debug|x86.ActiveCfg = Debug|x86
		{679DAAD6-D534-44D9-9790-E46FAC55005A}.Debug|x86.Build.0 = Debug|x86
		{679DAAD6-D534-44D9-9790-E46FAC55005A}.Release|Any CPU.ActiveCfg = Debug|x86
		{679DAAD6-D534-44D9-9790-E46FAC55005A}.Release|Any CPU.Build.0 = Debug|x86
		{679DAAD6-D534-44D9-9790-E46FAC55005A}.Release|x86.ActiveCfg = Release|x86
		{679DAAD6-D534-44D9-9790-E46FAC55005A}.Release|x86.Build.0 = Release|x86
		{958522EA-20D5-4851-A1CF-571DE5901BF5}.Debug|Any CPU.ActiveCfg = Debug|x86
		{958522EA-20D5-4851-A1CF-571DE5901BF5}.Debug|Any CPU.Build.0 = Debug|x86
		{958522EA-20D5-4851-A1CF-571DE5901BF5}.Debug|x86.ActiveCfg = Debug|x86
		{958522EA-20D5-4851-A1CF-571DE5901BF5}.Debug|x86.Build.0 = Debug|x86
		{958522EA-20D5-4851-A1CF-571DE5901BF5}.Release|Any CPU.ActiveCfg = Debug|x86
		{958522EA-20D5-4851-A1CF-571DE5901BF5}.Release|Any CPU.Build.0 = Debug|x86
		{958522EA-20D5-4851-A1CF-571DE5901BF5}.Release|x86.ActiveCfg = Release|x86
		{958522EA-20D5-4851-A1CF-571DE5901BF5}.Release|x86.Build.0 = Release|x86
		{366088EA-EDA5-46C0-9C70-82582527EA93}.Debug|Any CPU.ActiveCfg = Debug|x86
		{366088EA-EDA5-46C0-9C70-82582527EA93}.Debug|Any CPU.Build.0 = Debug|x86
		{366088EA-EDA5-46C0-9C70-82582527EA93}.Debug|Any CPU.Deploy.0 = Debug|Any CPU
		{366088EA-EDA5-46C0-9C70-82582527EA93}.Debug|x86.ActiveCfg = Debug|x86
		{366088EA-EDA5-46C0-9C70-82582527EA93}.Debug|x86.Build.0 = Debug|x86
		{366088EA-EDA5-46C0-9C70-82582527EA93}.Release|Any CPU.ActiveCfg = Debug|x86
		{366088EA-EDA5-46C0-9C70-82582527EA93}.Release|Any CPU.Build.0 = Debug|x86
		{366088EA-EDA5-46C0-9C70-82582527EA93}.Release|x86.ActiveCfg = Release|x86
		{366088EA-EDA5-46C0-9C70-82582527EA93}.Release|x86.Build.0 = Release|x86
		{685046B0-CE5B-4E6D-B29C-7A9A24934742}.Debug|Any CPU.ActiveCfg = Debug|x86
		{685046B0-CE5B-4E6D-B29C-7A9A24934742}.Debug|Any CPU.Build.0 = Debug|x86
		{685046B0-CE5B-4E6D-B29C-7A9A24934742}.Debug|x86.ActiveCfg = Debug|x86
		{685046B0-CE5B-4E6D-B29C-7A9A24934742}.Debug|x86.Build.0 = Debug|x86
		{685046B0-CE5B-4E6D-B29C-7A9A24934742}.Release|Any CPU.ActiveCfg = Debug|x86
		{685046B0-CE5B-4E6D-B29C-7A9A24934742}.Release|Any CPU.Build.0 = Debug|x86
		{685046B0-CE5B-4E6D-B29C-7A9A24934742}.Release|x86.ActiveCfg = Release|x86
		{685046B0-CE5B-4E6D-B29C-7A9A24934742}.Release|x86.Build.0 = Release|x86
		{A479250A-C473-447F-8A9D-D52B31F4918C}.Debug|Any CPU.ActiveCfg = Debug|x86
		{A479250A-C473-447F-8A9D-D52B31F4918C}.Debug|Any CPU.Build.0 = Debug|x86
		{A479250A-C473-447F-8A9D-D52B31F4918C}.Debug|x86.ActiveCfg = Debug|x86
		{A479250A-C473-447F-8A9D-D52B31F4918C}.Debug|x86.Build.0 = Debug|x86
		{A479250A-C473-447F-8A9D-D52B31F4918C}.Release|Any CPU.ActiveCfg = Debug|x86
		{A479250A-C473-447F-8A9D-D52B31F4918C}.Release|Any CPU.Build.0 = Debug|x86
		{A479250A-C473-447F-8A9D-D52B31F4918C}.Release|x86.ActiveCfg = Release|x86
		{A479250A-C473-447F-8A9D-D52B31F4918C}.Release|x86.Build.0 = Release|x86
		{CE52D0F9-5C5D-400D-A7B5-4B93914D05EA}.Debug|Any CPU.ActiveCfg = Debug|x86
		{CE52D0F9-5C5D-400D-A7B5-4B93914D05EA}.Debug|Any CPU.Build.0 = Debug|x86
		{CE52D0F9-5C5D-400D-A7B5-4B93914D05EA}.Debug|x86.ActiveCfg = Debug|x86
		{CE52D0F9-5C5D-400D-A7B5-4B93914D05EA}.Debug|x86.Build.0 = Debug|x86
		{CE52D0F9-5C5D-400D-A7B5-4B93914D05EA}.Release|Any CPU.ActiveCfg = Debug|x86
		{CE52D0F9-5C5D-400D-A7B5-4B93914D05EA}.Release|Any CPU.Build.0 = Debug|x86
		{CE52D0F9-5C5D-400D-A7B5-4B93914D05EA}.Release|x86.ActiveCfg = Release|x86
		{CE52D0F9-5C5D-400D-A7B5-4B93914D05EA}.Release|x86.Build.0 = Release|x86
	EndGlobalSection
	GlobalSection(SolutionProperties) = preSolution
		HideSolutionNode = FALSE
	EndGlobalSection
	GlobalSection(NestedProjects) = preSolution
		{2C59558A-728B-448E-B619-A1EF1752246B} = {30F30BF3-DED9-49C1-93F4-DBC96C39EE4C}
		{366088EA-EDA5-46C0-9C70-82582527EA93} = {30F30BF3-DED9-49C1-93F4-DBC96C39EE4C}
		{A479250A-C473-447F-8A9D-D52B31F4918C} = {30F30BF3-DED9-49C1-93F4-DBC96C39EE4C}
	EndGlobalSection
	GlobalSection(ExtensibilityGlobals) = postSolution
		VisualSVNWorkingCopyRoot = .
	EndGlobalSection
EndGlobal
